
Microsoft Visual Studio Solution File, Format Version 9.00
# Visual Studio 2005
Project("{FAE04EC0-301F-11D3-BF4B-00C04F79EFBC}") = "Client", "Client.csproj", "{B911FFD7-754F-4735-A188-218D5065BE79}"
EndProject
Project("{FAE04EC0-301F-11D3-BF4B-00C04F79EFBC}") = "Test", "..\test\Test.csproj", "{95CB4C90-7C53-44A9-B11C-96235F158ACA}"
EndProject
Project("{FAE04EC0-301F-11D3-BF4B-00C04F79EFBC}") = "Demo", "..\demo\Demo.csproj", "{E4C46FBC-7560-406D-BFEF-CA010E584DF4}"
EndProject
Global
	GlobalSection(SolutionConfigurationPlatforms) = preSolution
		Debug|Any CPU = Debug|Any CPU
		Release|Any CPU = Release|Any CPU
	EndGlobalSection
	GlobalSection(ProjectConfigurationPlatforms) = postSolution
		{B911FFD7-754F-4735-A188-218D5065BE79}.Debug|Any CPU.ActiveCfg = Debug|Any CPU
		{B911FFD7-754F-4735-A188-218D5065BE79}.Debug|Any CPU.Build.0 = Debug|Any CPU
		{B911FFD7-754F-4735-A188-218D5065BE79}.Release|Any CPU.ActiveCfg = Release|Any CPU
		{B911FFD7-754F-4735-A188-218D5065BE79}.Release|Any CPU.Build.0 = Release|Any CPU
		{95CB4C90-7C53-44A9-B11C-96235F158ACA}.Debug|Any CPU.ActiveCfg = Debug|Any CPU
		{95CB4C90-7C53-44A9-B11C-96235F158ACA}.Debug|Any CPU.Build.0 = Debug|Any CPU
		{95CB4C90-7C53-44A9-B11C-96235F158ACA}.Release|Any CPU.ActiveCfg = Release|Any CPU
		{95CB4C90-7C53-44A9-B11C-96235F158ACA}.Release|Any CPU.Build.0 = Release|Any CPU
		{E4C46FBC-7560-406D-BFEF-CA010E584DF4}.Debug|Any CPU.ActiveCfg = Debug|Any CPU
		{E4C46FBC-7560-406D-BFEF-CA010E584DF4}.Debug|Any CPU.Build.0 = Debug|Any CPU
		{E4C46FBC-7560-406D-BFEF-CA010E584DF4}.Release|Any CPU.ActiveCfg = Release|Any CPU
		{E4C46FBC-7560-406D-BFEF-CA010E584DF4}.Release|Any CPU.Build.0 = Release|Any CPU
	EndGlobalSection
	GlobalSection(SolutionProperties) = preSolution
		HideSolutionNode = FALSE
	EndGlobalSection
EndGlobal
