
Microsoft Visual Studio Solution File, Format Version 10.00
# Visual Studio 2008
# $Id: VC9WorkspaceCreator.pm 1439 2008-07-10 14:31:19Z elliott_c $
#
# This file was generated by MPC.  Any changes made directly to
# this file will be lost the next time it is generated.
#
# MPC Command:
# C:\ace\MPC\mwc.pl -type vc9 -features boost=1 -static qpid.mwc
Project("{8BC9CEB8-8B4A-11D0-8D11-00A0C91BC942}") = "MaxMethodBodySize", "MaxMethodBodySize.vcproj", "{CB5C939B-FECA-1BAD-BB9C-8C3A4564ADCF}"
EndProject
Project("{8BC9CEB8-8B4A-11D0-8D11-00A0C91BC942}") = "broker", "broker.vcproj", "{09613D48-FECA-1BAD-9D20-8C374564ADCF}"
	ProjectSection(ProjectDependencies) = postProject
		{C961EF23-FECA-1BAD-BB9C-8C3A4564ADCF} = {C961EF23-FECA-1BAD-BB9C-8C3A4564ADCF}
	EndProjectSection
EndProject
Project("{8BC9CEB8-8B4A-11D0-8D11-00A0C91BC942}") = "client", "client.vcproj", "{6961DBA3-FECA-1BAD-F396-8C394564ADCF}"
	ProjectSection(ProjectDependencies) = postProject
		{C961EF23-FECA-1BAD-BB9C-8C3A4564ADCF} = {C961EF23-FECA-1BAD-BB9C-8C3A4564ADCF}
	EndProjectSection
EndProject
Project("{8BC9CEB8-8B4A-11D0-8D11-00A0C91BC942}") = "common", "common.vcproj", "{C961EF23-FECA-1BAD-BB9C-8C3A4564ADCF}"
	ProjectSection(ProjectDependencies) = postProject
		{CB5C939B-FECA-1BAD-BB9C-8C3A4564ADCF} = {CB5C939B-FECA-1BAD-BB9C-8C3A4564ADCF}
	EndProjectSection
EndProject
Project("{8BC9CEB8-8B4A-11D0-8D11-00A0C91BC942}") = "qmfconsole", "qmfconsole.vcproj", "{C95DE177-FECA-1BAD-5EDC-8FFA4564ADCF}"
	ProjectSection(ProjectDependencies) = postProject
		{6961DBA3-FECA-1BAD-F396-8C394564ADCF} = {6961DBA3-FECA-1BAD-F396-8C394564ADCF}
	EndProjectSection
EndProject
Global
	GlobalSection(SolutionConfigurationPlatforms) = preSolution
		Debug|Win32 = Debug|Win32
		Debug|x64 = Debug|x64
		Release|Win32 = Release|Win32
		Release|x64 = Release|x64
	EndGlobalSection
	GlobalSection(ProjectConfigurationPlatforms) = postSolution
		{CB5C939B-FECA-1BAD-BB9C-8C3A4564ADCF}.Debug|Win32.ActiveCfg = Debug|Win32
		{CB5C939B-FECA-1BAD-BB9C-8C3A4564ADCF}.Debug|Win32.Build.0 = Debug|Win32
		{CB5C939B-FECA-1BAD-BB9C-8C3A4564ADCF}.Debug|x64.ActiveCfg = Debug|x64
		{CB5C939B-FECA-1BAD-BB9C-8C3A4564ADCF}.Debug|x64.Build.0 = Debug|x64
		{CB5C939B-FECA-1BAD-BB9C-8C3A4564ADCF}.Release|Win32.ActiveCfg = Release|Win32
		{CB5C939B-FECA-1BAD-BB9C-8C3A4564ADCF}.Release|Win32.Build.0 = Release|Win32
		{CB5C939B-FECA-1BAD-BB9C-8C3A4564ADCF}.Release|x64.ActiveCfg = Release|x64
		{CB5C939B-FECA-1BAD-BB9C-8C3A4564ADCF}.Release|x64.Build.0 = Release|x64
		{09613D48-FECA-1BAD-9D20-8C374564ADCF}.Debug|Win32.ActiveCfg = Debug|Win32
		{09613D48-FECA-1BAD-9D20-8C374564ADCF}.Debug|Win32.Build.0 = Debug|Win32
		{09613D48-FECA-1BAD-9D20-8C374564ADCF}.Debug|x64.ActiveCfg = Debug|x64
		{09613D48-FECA-1BAD-9D20-8C374564ADCF}.Debug|x64.Build.0 = Debug|x64
		{09613D48-FECA-1BAD-9D20-8C374564ADCF}.Release|Win32.ActiveCfg = Release|Win32
		{09613D48-FECA-1BAD-9D20-8C374564ADCF}.Release|Win32.Build.0 = Release|Win32
		{09613D48-FECA-1BAD-9D20-8C374564ADCF}.Release|x64.ActiveCfg = Release|x64
		{09613D48-FECA-1BAD-9D20-8C374564ADCF}.Release|x64.Build.0 = Release|x64
		{6961DBA3-FECA-1BAD-F396-8C394564ADCF}.Debug|Win32.ActiveCfg = Debug|Win32
		{6961DBA3-FECA-1BAD-F396-8C394564ADCF}.Debug|Win32.Build.0 = Debug|Win32
		{6961DBA3-FECA-1BAD-F396-8C394564ADCF}.Debug|x64.ActiveCfg = Debug|x64
		{6961DBA3-FECA-1BAD-F396-8C394564ADCF}.Debug|x64.Build.0 = Debug|x64
		{6961DBA3-FECA-1BAD-F396-8C394564ADCF}.Release|Win32.ActiveCfg = Release|Win32
		{6961DBA3-FECA-1BAD-F396-8C394564ADCF}.Release|Win32.Build.0 = Release|Win32
		{6961DBA3-FECA-1BAD-F396-8C394564ADCF}.Release|x64.ActiveCfg = Release|x64
		{6961DBA3-FECA-1BAD-F396-8C394564ADCF}.Release|x64.Build.0 = Release|x64
		{C961EF23-FECA-1BAD-BB9C-8C3A4564ADCF}.Debug|Win32.ActiveCfg = Debug|Win32
		{C961EF23-FECA-1BAD-BB9C-8C3A4564ADCF}.Debug|Win32.Build.0 = Debug|Win32
		{C961EF23-FECA-1BAD-BB9C-8C3A4564ADCF}.Debug|x64.ActiveCfg = Debug|x64
		{C961EF23-FECA-1BAD-BB9C-8C3A4564ADCF}.Debug|x64.Build.0 = Debug|x64
		{C961EF23-FECA-1BAD-BB9C-8C3A4564ADCF}.Release|Win32.ActiveCfg = Release|Win32
		{C961EF23-FECA-1BAD-BB9C-8C3A4564ADCF}.Release|Win32.Build.0 = Release|Win32
		{C961EF23-FECA-1BAD-BB9C-8C3A4564ADCF}.Release|x64.ActiveCfg = Release|x64
		{C961EF23-FECA-1BAD-BB9C-8C3A4564ADCF}.Release|x64.Build.0 = Release|x64
		{C95DE177-FECA-1BAD-5EDC-8FFA4564ADCF}.Debug|Win32.ActiveCfg = Debug|Win32
		{C95DE177-FECA-1BAD-5EDC-8FFA4564ADCF}.Debug|Win32.Build.0 = Debug|Win32
		{C95DE177-FECA-1BAD-5EDC-8FFA4564ADCF}.Debug|x64.ActiveCfg = Debug|x64
		{C95DE177-FECA-1BAD-5EDC-8FFA4564ADCF}.Debug|x64.Build.0 = Debug|x64
		{C95DE177-FECA-1BAD-5EDC-8FFA4564ADCF}.Release|Win32.ActiveCfg = Release|Win32
		{C95DE177-FECA-1BAD-5EDC-8FFA4564ADCF}.Release|Win32.Build.0 = Release|Win32
		{C95DE177-FECA-1BAD-5EDC-8FFA4564ADCF}.Release|x64.ActiveCfg = Release|x64
		{C95DE177-FECA-1BAD-5EDC-8FFA4564ADCF}.Release|x64.Build.0 = Release|x64
	EndGlobalSection
	GlobalSection(SolutionProperties) = preSolution
		HideSolutionNode = FALSE
	EndGlobalSection
EndGlobal
